Microsoft Visual Studio Solution File, Format Version 10.00
# Visual C++ Express 2008
Project("{8BC9CEB8-8B4A-11D0-8D11-00A0C91BC942}") = "ruby-cubrid", "ruby-cubrid.vcproj", "{89F29D4C-32BC-44DB-BE23-A52D13B8661E}"
EndProject
Global
	GlobalSection(SolutionConfigurationPlatforms) = preSolution
		Debug|Win32 = Debug|Win32
		Release|Win32 = Release|Win32
	EndGlobalSection
	GlobalSection(ProjectConfigurationPlatforms) = postSolution
		{89F29D4C-32BC-44DB-BE23-A52D13B8661E}.Debug|Win32.ActiveCfg = Debug|Win32
		{89F29D4C-32BC-44DB-BE23-A52D13B8661E}.Debug|Win32.Build.0 = Debug|Win32
		{89F29D4C-32BC-44DB-BE23-A52D13B8661E}.Release|Win32.ActiveCfg = Release|Win32
		{89F29D4C-32BC-44DB-BE23-A52D13B8661E}.Release|Win32.Build.0 = Release|Win32
	EndGlobalSection
	GlobalSection(SolutionProperties) = preSolution
		HideSolutionNode = FALSE
	EndGlobalSection
EndGlobal
