
Microsoft Visual Studio Solution File, Format Version 10.00
# Visual Studio 2008
Project("{8BC9CEB8-8B4A-11D0-8D11-00A0C91BC942}") = "php_cubrid", "php_cubrid.vcproj", "{5367675B-455D-4D3C-B893-EB7BDEB88D15}"
EndProject
Global
	GlobalSection(SolutionConfigurationPlatforms) = preSolution
		Debug_TS|Win32 = Debug_TS|Win32
		Debug_TS|x64 = Debug_TS|x64
		Debug|Win32 = Debug|Win32
		Debug|x64 = Debug|x64
		Release_NTS|Win32 = Release_NTS|Win32
		Release_NTS|x64 = Release_NTS|x64
		Release_TS|Win32 = Release_TS|Win32
		Release_TS|x64 = Release_TS|x64
	EndGlobalSection
	GlobalSection(ProjectConfigurationPlatforms) = postSolution
		{5367675B-455D-4D3C-B893-EB7BDEB88D15}.Debug_TS|Win32.ActiveCfg = Debug_TS|Win32
		{5367675B-455D-4D3C-B893-EB7BDEB88D15}.Debug_TS|Win32.Build.0 = Debug_TS|Win32
		{5367675B-455D-4D3C-B893-EB7BDEB88D15}.Debug_TS|x64.ActiveCfg = Release|x64
		{5367675B-455D-4D3C-B893-EB7BDEB88D15}.Debug_TS|x64.Build.0 = Debug_TS|x64
		{5367675B-455D-4D3C-B893-EB7BDEB88D15}.Debug|Win32.ActiveCfg = Debug|Win32
		{5367675B-455D-4D3C-B893-EB7BDEB88D15}.Debug|Win32.Build.0 = Debug|Win32
		{5367675B-455D-4D3C-B893-EB7BDEB88D15}.Debug|x64.ActiveCfg = Debug|x64
		{5367675B-455D-4D3C-B893-EB7BDEB88D15}.Debug|x64.Build.0 = Debug|x64
		{5367675B-455D-4D3C-B893-EB7BDEB88D15}.Release_NTS|Win32.ActiveCfg = Release_NTS|Win32
		{5367675B-455D-4D3C-B893-EB7BDEB88D15}.Release_NTS|Win32.Build.0 = Release_NTS|Win32
		{5367675B-455D-4D3C-B893-EB7BDEB88D15}.Release_NTS|x64.ActiveCfg = Release_NTS|x64
		{5367675B-455D-4D3C-B893-EB7BDEB88D15}.Release_NTS|x64.Build.0 = Release_NTS|x64
		{5367675B-455D-4D3C-B893-EB7BDEB88D15}.Release_TS|Win32.ActiveCfg = Release_TS|Win32
		{5367675B-455D-4D3C-B893-EB7BDEB88D15}.Release_TS|Win32.Build.0 = Release_TS|Win32
		{5367675B-455D-4D3C-B893-EB7BDEB88D15}.Release_TS|x64.ActiveCfg = Release_TS|x64
		{5367675B-455D-4D3C-B893-EB7BDEB88D15}.Release_TS|x64.Build.0 = Release_TS|x64
	EndGlobalSection
	GlobalSection(SolutionProperties) = preSolution
		HideSolutionNode = FALSE
	EndGlobalSection
EndGlobal
